# THIS IS AN AUTOGENERATED FILE. DO NOT EDIT THIS FILE DIRECTLY.
# yarn lockfile v1


"@krymskyimaksym/react-native-pdf-bitmap@^0.1.0":
  version "0.1.0"
  resolved "https://registry.yarnpkg.com/@krymskyimaksym/react-native-pdf-bitmap/-/react-native-pdf-bitmap-0.1.0.tgz#6a9919027ceedd7503925a1c4c435d2ceff0dc8d"
  integrity sha512-aqgo1trlnW+1R1b+iNZtHTQCqB8lI9BYZivnWTNmHZqzrtQ+TOKOzHg4LGhEW4DcsQizO3kw7A8myN+tLxTL5g==
